<?xml version="1.0" encoding="utf-8"?>
<Project ToolsVersion="4.0" xmlns="http://schemas.microsoft.com/developer/msbuild/2003">
  <ItemGroup>
    <Filter Include="src">
      <UniqueIdentifier>{7f713708-988d-439d-9d91-a6be7a5fa9de}</UniqueIdentifier>
    </Filter>
  </ItemGroup>
  <ItemGroup>
    <ClCompile Include="..\..\..\third_party\lua\lapi.c">
      <Filter>src</Filter>
    </ClCompile>
    <ClCompile Include="..\..\..\third_party\lua\lauxlib.c">
      <Filter>src</Filter>
    </ClCompile>
    <ClCompile Include="..\..\..\third_party\lua\lbaselib.c">
      <Filter>src</Filter>
    </ClCompile>
    <ClCompile Include="..\..\..\third_party\lua\lbitlib.c">
      <Filter>src</Filter>
    </ClCompile>
    <ClCompile Include="..\..\..\third_party\lua\lcode.c">
      <Filter>src</Filter>
    </ClCompile>
    <ClCompile Include="..\..\..\third_party\lua\lcorolib.c">
      <Filter>src</Filter>
    </ClCompile>
    <ClCompile Include="..\..\..\third_party\lua\lctype.c">
      <Filter>src</Filter>
    </ClCompile>
    <ClCompile Include="..\..\..\third_party\lua\ldblib.c">
      <Filter>src</Filter>
    </ClCompile>
    <ClCompile Include="..\..\..\third_party\lua\ldebug.c">
      <Filter>src</Filter>
    </ClCompile>
    <ClCompile Include="..\..\..\third_party\lua\ldo.c">
      <Filter>src</Filter>
    </ClCompile>
    <ClCompile Include="..\..\..\third_party\lua\ldump.c">
      <Filter>src</Filter>
    </ClCompile>
    <ClCompile Include="..\..\..\third_party\lua\lfunc.c">
      <Filter>src</Filter>
    </ClCompile>
    <ClCompile Include="..\..\..\third_party\lua\lgc.c">
      <Filter>src</Filter>
    </ClCompile>
    <ClCompile Include="..\..\..\third_party\lua\linit.c">
      <Filter>src</Filter>
    </ClCompile>
    <ClCompile Include="..\..\..\third_party\lua\liolib.c">
      <Filter>src</Filter>
    </ClCompile>
    <ClCompile Include="..\..\..\third_party\lua\llex.c">
      <Filter>src</Filter>
    </ClCompile>
    <ClCompile Include="..\..\..\third_party\lua\lmathlib.c">
      <Filter>src</Filter>
    </ClCompile>
    <ClCompile Include="..\..\..\third_party\lua\lmem.c">
      <Filter>src</Filter>
    </ClCompile>
    <ClCompile Include="..\..\..\third_party\lua\loadlib.c">
      <Filter>src</Filter>
    </ClCompile>
    <ClCompile Include="..\..\..\third_party\lua\lobject.c">
      <Filter>src</Filter>
    </ClCompile>
    <ClCompile Include="..\..\..\third_party\lua\lopcodes.c">
      <Filter>src</Filter>
    </ClCompile>
    <ClCompile Include="..\..\..\third_party\lua\loslib.c">
      <Filter>src</Filter>
    </ClCompile>
    <ClCompile Include="..\..\..\third_party\lua\lparser.c">
      <Filter>src</Filter>
    </ClCompile>
    <ClCompile Include="..\..\..\third_party\lua\lstate.c">
      <Filter>src</Filter>
    </ClCompile>
    <ClCompile Include="..\..\..\third_party\lua\lstring.c">
      <Filter>src</Filter>
    </ClCompile>
    <ClCompile Include="..\..\..\third_party\lua\lstrlib.c">
      <Filter>src</Filter>
    </ClCompile>
    <ClCompile Include="..\..\..\third_party\lua\ltable.c">
      <Filter>src</Filter>
    </ClCompile>
    <ClCompile Include="..\..\..\third_party\lua\ltablib.c">
      <Filter>src</Filter>
    </ClCompile>
    <ClCompile Include="..\..\..\third_party\lua\ltm.c">
      <Filter>src</Filter>
    </ClCompile>
    <ClCompile Include="..\..\..\third_party\lua\luac.c">
      <Filter>src</Filter>
    </ClCompile>
    <ClCompile Include="..\..\..\third_party\lua\lundump.c">
      <Filter>src</Filter>
    </ClCompile>
    <ClCompile Include="..\..\..\third_party\lua\lvm.c">
      <Filter>src</Filter>
    </ClCompile>
    <ClCompile Include="..\..\..\third_party\lua\lzio.c">
      <Filter>src</Filter>
    </ClCompile>
  </ItemGroup>
  <ItemGroup>
    <ClInclude Include="..\..\..\third_party\lua\lapi.h">
      <Filter>src</Filter>
    </ClInclude>
    <ClInclude Include="..\..\..\third_party\lua\lauxlib.h">
      <Filter>src</Filter>
    </ClInclude>
    <ClInclude Include="..\..\..\third_party\lua\lcode.h">
      <Filter>src</Filter>
    </ClInclude>
    <ClInclude Include="..\..\..\third_party\lua\lctype.h">
      <Filter>src</Filter>
    </ClInclude>
    <ClInclude Include="..\..\..\third_party\lua\ldebug.h">
      <Filter>src</Filter>
    </ClInclude>
    <ClInclude Include="..\..\..\third_party\lua\ldo.h">
      <Filter>src</Filter>
    </ClInclude>
    <ClInclude Include="..\..\..\third_party\lua\lfunc.h">
      <Filter>src</Filter>
    </ClInclude>
    <ClInclude Include="..\..\..\third_party\lua\lgc.h">
      <Filter>src</Filter>
    </ClInclude>
    <ClInclude Include="..\..\..\third_party\lua\llex.h">
      <Filter>src</Filter>
    </ClInclude>
    <ClInclude Include="..\..\..\third_party\lua\llimits.h">
      <Filter>src</Filter>
    </ClInclude>
    <ClInclude Include="..\..\..\third_party\lua\lmem.h">
      <Filter>src</Filter>
    </ClInclude>
    <ClInclude Include="..\..\..\third_party\lua\lobject.h">
      <Filter>src</Filter>
    </ClInclude>
    <ClInclude Include="..\..\..\third_party\lua\lopcodes.h">
      <Filter>src</Filter>
    </ClInclude>
    <ClInclude Include="..\..\..\third_party\lua\lparser.h">
      <Filter>src</Filter>
    </ClInclude>
    <ClInclude Include="..\..\..\third_party\lua\lstate.h">
      <Filter>src</Filter>
    </ClInclude>
    <ClInclude Include="..\..\..\third_party\lua\lstring.h">
      <Filter>src</Filter>
    </ClInclude>
    <ClInclude Include="..\..\..\third_party\lua\ltable.h">
      <Filter>src</Filter>
    </ClInclude>
    <ClInclude Include="..\..\..\third_party\lua\ltm.h">
      <Filter>src</Filter>
    </ClInclude>
    <ClInclude Include="..\..\..\third_party\lua\luaconf.h">
      <Filter>src</Filter>
    </ClInclude>
    <ClInclude Include="..\..\..\third_party\lua\lualib.h">
      <Filter>src</Filter>
    </ClInclude>
    <ClInclude Include="..\..\..\third_party\lua\lundump.h">
      <Filter>src</Filter>
    </ClInclude>
    <ClInclude Include="..\..\..\third_party\lua\lvm.h">
      <Filter>src</Filter>
    </ClInclude>
    <ClInclude Include="..\..\..\third_party\lua\lzio.h">
      <Filter>src</Filter>
    </ClInclude>
  </ItemGroup>
</Project>