<?xml version="1.0" encoding="utf-8"?>
<Project ToolsVersion="4.0" xmlns="http://schemas.microsoft.com/developer/msbuild/2003">
  <ItemGroup>
    <Filter Include="mylo">
      <UniqueIdentifier>{a4473143-3a1c-4e4a-924b-d9e58aa025d0}</UniqueIdentifier>
    </Filter>
    <Filter Include="mylo\dto">
      <UniqueIdentifier>{d94f7b23-9823-4265-8b10-73c8e2d69c04}</UniqueIdentifier>
    </Filter>
    <Filter Include="mylo\dto\types">
      <UniqueIdentifier>{dd4b5b56-3bcd-400f-8791-caa0b2636eb5}</UniqueIdentifier>
    </Filter>
    <Filter Include="platform">
      <UniqueIdentifier>{a07b7ae8-7554-4713-9148-5887498817a6}</UniqueIdentifier>
    </Filter>
    <Filter Include="third_party">
      <UniqueIdentifier>{89d90170-1361-466f-8f36-18abf7b7e973}</UniqueIdentifier>
    </Filter>
    <Filter Include="third_party\png">
      <UniqueIdentifier>{0e2767cd-e659-4974-81be-c2eabeb4d908}</UniqueIdentifier>
    </Filter>
  </ItemGroup>
  <ItemGroup>
    <ClCompile Include="windows.cpp">
      <Filter>platform</Filter>
    </ClCompile>
    <ClCompile Include="..\..\..\ApplicationTemplate.cpp">
      <Filter>platform</Filter>
    </ClCompile>
    <ClCompile Include="..\..\..\mylo\asset.cpp">
      <Filter>mylo</Filter>
    </ClCompile>
    <ClCompile Include="..\..\..\mylo\buffer.cpp">
      <Filter>mylo</Filter>
    </ClCompile>
    <ClCompile Include="..\..\..\mylo\compression.cpp">
      <Filter>mylo</Filter>
    </ClCompile>
    <ClCompile Include="..\..\..\mylo\configuration.cpp">
      <Filter>mylo</Filter>
    </ClCompile>
    <ClCompile Include="..\..\..\mylo\filesystem.cpp">
      <Filter>mylo</Filter>
    </ClCompile>
    <ClCompile Include="..\..\..\mylo\identity.cpp">
      <Filter>mylo</Filter>
    </ClCompile>
    <ClCompile Include="..\..\..\mylo\regex.cpp">
      <Filter>mylo</Filter>
    </ClCompile>
    <ClCompile Include="..\..\..\mylo\stream.cpp">
      <Filter>mylo</Filter>
    </ClCompile>
    <ClCompile Include="..\..\..\mylo\timer.cpp">
      <Filter>mylo</Filter>
    </ClCompile>
    <ClCompile Include="..\..\..\mylo\trace.cpp">
      <Filter>mylo</Filter>
    </ClCompile>
    <ClCompile Include="..\..\..\mylo\utilities.cpp">
      <Filter>mylo</Filter>
    </ClCompile>
    <ClCompile Include="..\..\..\mylo\xml.cpp">
      <Filter>mylo</Filter>
    </ClCompile>
    <ClCompile Include="..\..\..\mylo\xpath.cpp">
      <Filter>mylo</Filter>
    </ClCompile>
    <ClCompile Include="..\..\..\third_party\png\png.c">
      <Filter>third_party\png</Filter>
    </ClCompile>
    <ClCompile Include="..\..\..\third_party\png\pngerror.c">
      <Filter>third_party\png</Filter>
    </ClCompile>
    <ClCompile Include="..\..\..\third_party\png\pngget.c">
      <Filter>third_party\png</Filter>
    </ClCompile>
    <ClCompile Include="..\..\..\third_party\png\pngmem.c">
      <Filter>third_party\png</Filter>
    </ClCompile>
    <ClCompile Include="..\..\..\third_party\png\pngpread.c">
      <Filter>third_party\png</Filter>
    </ClCompile>
    <ClCompile Include="..\..\..\third_party\png\pngread.c">
      <Filter>third_party\png</Filter>
    </ClCompile>
    <ClCompile Include="..\..\..\third_party\png\pngrio.c">
      <Filter>third_party\png</Filter>
    </ClCompile>
    <ClCompile Include="..\..\..\third_party\png\pngrtran.c">
      <Filter>third_party\png</Filter>
    </ClCompile>
    <ClCompile Include="..\..\..\third_party\png\pngrutil.c">
      <Filter>third_party\png</Filter>
    </ClCompile>
    <ClCompile Include="..\..\..\third_party\png\pngset.c">
      <Filter>third_party\png</Filter>
    </ClCompile>
    <ClCompile Include="..\..\..\third_party\png\pngtrans.c">
      <Filter>third_party\png</Filter>
    </ClCompile>
    <ClCompile Include="..\..\..\third_party\png\pngwio.c">
      <Filter>third_party\png</Filter>
    </ClCompile>
    <ClCompile Include="..\..\..\third_party\png\pngwrite.c">
      <Filter>third_party\png</Filter>
    </ClCompile>
    <ClCompile Include="..\..\..\third_party\png\pngwtran.c">
      <Filter>third_party\png</Filter>
    </ClCompile>
    <ClCompile Include="..\..\..\third_party\png\pngwutil.c">
      <Filter>third_party\png</Filter>
    </ClCompile>
  </ItemGroup>
  <ItemGroup>
    <ClInclude Include="..\..\..\ApplicationTemplate.hpp">
      <Filter>platform</Filter>
    </ClInclude>
    <ClInclude Include="..\..\..\mylo\asset.hpp">
      <Filter>mylo</Filter>
    </ClInclude>
    <ClInclude Include="..\..\..\mylo\buffer.hpp">
      <Filter>mylo</Filter>
    </ClInclude>
    <ClInclude Include="..\..\..\mylo\compression.hpp">
      <Filter>mylo</Filter>
    </ClInclude>
    <ClInclude Include="..\..\..\mylo\configuration.hpp">
      <Filter>mylo</Filter>
    </ClInclude>
    <ClInclude Include="..\..\..\mylo\debug.hpp">
      <Filter>mylo</Filter>
    </ClInclude>
    <ClInclude Include="..\..\..\mylo\factory.hpp">
      <Filter>mylo</Filter>
    </ClInclude>
    <ClInclude Include="..\..\..\mylo\filesystem.hpp">
      <Filter>mylo</Filter>
    </ClInclude>
    <ClInclude Include="..\..\..\mylo\functor.hpp">
      <Filter>mylo</Filter>
    </ClInclude>
    <ClInclude Include="..\..\..\mylo\identity.hpp">
      <Filter>mylo</Filter>
    </ClInclude>
    <ClInclude Include="..\..\..\mylo\iterator.hpp">
      <Filter>mylo</Filter>
    </ClInclude>
    <ClInclude Include="..\..\..\mylo\linear.hpp">
      <Filter>mylo</Filter>
    </ClInclude>
    <ClInclude Include="..\..\..\mylo\map.hpp">
      <Filter>mylo</Filter>
    </ClInclude>
    <ClInclude Include="..\..\..\mylo\mylo.hpp">
      <Filter>mylo</Filter>
    </ClInclude>
    <ClInclude Include="..\..\..\mylo\pair.hpp">
      <Filter>mylo</Filter>
    </ClInclude>
    <ClInclude Include="..\..\..\mylo\regex.hpp">
      <Filter>mylo</Filter>
    </ClInclude>
    <ClInclude Include="..\..\..\mylo\shared_ptr.hpp">
      <Filter>mylo</Filter>
    </ClInclude>
    <ClInclude Include="..\..\..\mylo\stream.hpp">
      <Filter>mylo</Filter>
    </ClInclude>
    <ClInclude Include="..\..\..\mylo\string.hpp">
      <Filter>mylo</Filter>
    </ClInclude>
    <ClInclude Include="..\..\..\mylo\timer.hpp">
      <Filter>mylo</Filter>
    </ClInclude>
    <ClInclude Include="..\..\..\mylo\trace.hpp">
      <Filter>mylo</Filter>
    </ClInclude>
    <ClInclude Include="..\..\..\mylo\typecast.hpp">
      <Filter>mylo</Filter>
    </ClInclude>
    <ClInclude Include="..\..\..\mylo\typetraits.hpp">
      <Filter>mylo</Filter>
    </ClInclude>
    <ClInclude Include="..\..\..\mylo\utilities.hpp">
      <Filter>mylo</Filter>
    </ClInclude>
    <ClInclude Include="..\..\..\mylo\variant.hpp">
      <Filter>mylo</Filter>
    </ClInclude>
    <ClInclude Include="..\..\..\mylo\vector.hpp">
      <Filter>mylo</Filter>
    </ClInclude>
    <ClInclude Include="..\..\..\mylo\xml.hpp">
      <Filter>mylo</Filter>
    </ClInclude>
    <ClInclude Include="..\..\..\mylo\xpath.hpp">
      <Filter>mylo</Filter>
    </ClInclude>
    <ClInclude Include="..\..\..\mylo\dto\audio.hpp">
      <Filter>mylo\dto</Filter>
    </ClInclude>
    <ClInclude Include="..\..\..\mylo\dto\font.hpp">
      <Filter>mylo\dto</Filter>
    </ClInclude>
    <ClInclude Include="..\..\..\mylo\dto\image.hpp">
      <Filter>mylo\dto</Filter>
    </ClInclude>
    <ClInclude Include="..\..\..\mylo\dto\material.hpp">
      <Filter>mylo\dto</Filter>
    </ClInclude>
    <ClInclude Include="..\..\..\mylo\dto\object.hpp">
      <Filter>mylo\dto</Filter>
    </ClInclude>
    <ClInclude Include="..\..\..\mylo\dto\program.hpp">
      <Filter>mylo\dto</Filter>
    </ClInclude>
    <ClInclude Include="..\..\..\mylo\dto\types\fnt.hpp">
      <Filter>mylo\dto\types</Filter>
    </ClInclude>
    <ClInclude Include="..\..\..\mylo\dto\types\mtl.hpp">
      <Filter>mylo\dto\types</Filter>
    </ClInclude>
    <ClInclude Include="..\..\..\mylo\dto\types\obj.hpp">
      <Filter>mylo\dto\types</Filter>
    </ClInclude>
    <ClInclude Include="..\..\..\mylo\dto\types\png.hpp">
      <Filter>mylo\dto\types</Filter>
    </ClInclude>
    <ClInclude Include="..\..\..\mylo\dto\types\tga.hpp">
      <Filter>mylo\dto\types</Filter>
    </ClInclude>
    <ClInclude Include="..\..\..\mylo\dto\types\wav.hpp">
      <Filter>mylo\dto\types</Filter>
    </ClInclude>
    <ClInclude Include="..\..\..\mylo\dto\types\frag.hpp">
      <Filter>mylo\dto\types</Filter>
    </ClInclude>
    <ClInclude Include="..\..\..\mylo\dto\types\vert.hpp">
      <Filter>mylo\dto\types</Filter>
    </ClInclude>
    <ClInclude Include="..\..\..\mylo\dto\datatype.hpp">
      <Filter>mylo\dto</Filter>
    </ClInclude>
    <ClInclude Include="..\..\..\mylo\dto\entity.hpp">
      <Filter>mylo\dto</Filter>
    </ClInclude>
    <ClInclude Include="..\..\..\mylo\dto\primitives.hpp">
      <Filter>mylo\dto</Filter>
    </ClInclude>
    <ClInclude Include="..\..\..\mylo\dto\shader.hpp">
      <Filter>mylo\dto</Filter>
    </ClInclude>
    <ClInclude Include="..\..\..\third_party\png\config.h">
      <Filter>third_party\png</Filter>
    </ClInclude>
    <ClInclude Include="..\..\..\third_party\png\png.h">
      <Filter>third_party\png</Filter>
    </ClInclude>
    <ClInclude Include="..\..\..\third_party\png\pngconf.h">
      <Filter>third_party\png</Filter>
    </ClInclude>
    <ClInclude Include="..\..\..\third_party\png\pngpriv.h">
      <Filter>third_party\png</Filter>
    </ClInclude>
  </ItemGroup>
</Project>